
Microsoft Visual Studio Solution File, Format Version 12.00
# Visual Studio Version 16
VisualStudioVersion = 16.0.31129.286
MinimumVisualStudioVersion = 10.0.40219.1
Project("{FAE04EC0-301F-11D3-BF4B-00C04F79EFBC}") = "ytDownloader", "ytDownloader\ytDownloader.csproj", "{D3737516-0DAD-40D0-97CF-F0BD28C35D26}"
EndProject
Global
	GlobalSection(SolutionConfigurationPlatforms) = preSolution
		Debug|Any CPU = Debug|Any CPU
		Release|Any CPU = Release|Any CPU
	EndGlobalSection
	GlobalSection(ProjectConfigurationPlatforms) = postSolution
		{D3737516-0DAD-40D0-97CF-F0BD28C35D26}.Debug|Any CPU.ActiveCfg = Debug|Any CPU
		{D3737516-0DAD-40D0-97CF-F0BD28C35D26}.Debug|Any CPU.Build.0 = Debug|Any CPU
		{D3737516-0DAD-40D0-97CF-F0BD28C35D26}.Release|Any CPU.ActiveCfg = Release|Any CPU
		{D3737516-0DAD-40D0-97CF-F0BD28C35D26}.Release|Any CPU.Build.0 = Release|Any CPU
	EndGlobalSection
	GlobalSection(SolutionProperties) = preSolution
		HideSolutionNode = FALSE
	EndGlobalSection
	GlobalSection(ExtensibilityGlobals) = postSolution
		SolutionGuid = {E169E323-5CD7-44CE-BF81-709C1836C388}
	EndGlobalSection
EndGlobal
